
Microsoft Visual Studio Solution File, Format Version 12.00
# Visual Studio Version 16
VisualStudioVersion = 16.0.30320.27
MinimumVisualStudioVersion = 10.0.40219.1
Project("{FAE04EC0-301F-11D3-BF4B-00C04F79EFBC}") = "CurrencyConverterForms", "CurrencyConverterForns\CurrencyConverterForms.csproj", "{0CB79685-F8D9-4822-8753-8719C0DD129C}"
EndProject
Project("{FAE04EC0-301F-11D3-BF4B-00C04F79EFBC}") = "CurrencyConverterTests", "CurrencyConverterTests\CurrencyConverterTests.csproj", "{7D53148C-0733-4298-8FD7-5E0B35963B2F}"
EndProject
Project("{FAE04EC0-301F-11D3-BF4B-00C04F79EFBC}") = "CurrencyConverterLibreria", "CurrencyConverterLibreria\CurrencyConverterLibreria.csproj", "{24BA034A-B1CB-46FB-A565-BA484319A88C}"
EndProject
Global
	GlobalSection(SolutionConfigurationPlatforms) = preSolution
		Debug|Any CPU = Debug|Any CPU
		Release|Any CPU = Release|Any CPU
	EndGlobalSection
	GlobalSection(ProjectConfigurationPlatforms) = postSolution
		{0CB79685-F8D9-4822-8753-8719C0DD129C}.Debug|Any CPU.ActiveCfg = Debug|Any CPU
		{0CB79685-F8D9-4822-8753-8719C0DD129C}.Debug|Any CPU.Build.0 = Debug|Any CPU
		{0CB79685-F8D9-4822-8753-8719C0DD129C}.Release|Any CPU.ActiveCfg = Release|Any CPU
		{0CB79685-F8D9-4822-8753-8719C0DD129C}.Release|Any CPU.Build.0 = Release|Any CPU
		{7D53148C-0733-4298-8FD7-5E0B35963B2F}.Debug|Any CPU.ActiveCfg = Debug|Any CPU
		{7D53148C-0733-4298-8FD7-5E0B35963B2F}.Debug|Any CPU.Build.0 = Debug|Any CPU
		{7D53148C-0733-4298-8FD7-5E0B35963B2F}.Release|Any CPU.ActiveCfg = Release|Any CPU
		{7D53148C-0733-4298-8FD7-5E0B35963B2F}.Release|Any CPU.Build.0 = Release|Any CPU
		{24BA034A-B1CB-46FB-A565-BA484319A88C}.Debug|Any CPU.ActiveCfg = Debug|Any CPU
		{24BA034A-B1CB-46FB-A565-BA484319A88C}.Debug|Any CPU.Build.0 = Debug|Any CPU
		{24BA034A-B1CB-46FB-A565-BA484319A88C}.Release|Any CPU.ActiveCfg = Release|Any CPU
		{24BA034A-B1CB-46FB-A565-BA484319A88C}.Release|Any CPU.Build.0 = Release|Any CPU
	EndGlobalSection
	GlobalSection(SolutionProperties) = preSolution
		HideSolutionNode = FALSE
	EndGlobalSection
	GlobalSection(ExtensibilityGlobals) = postSolution
		SolutionGuid = {6A05E72D-6B5F-4541-8473-EC5D4B5CA28A}
	EndGlobalSection
EndGlobal
